
Microsoft Visual Studio Solution File, Format Version 12.00
# Visual Studio Version 16
VisualStudioVersion = 16.0.29215.179
MinimumVisualStudioVersion = 10.0.40219.1
Project("{9A19103F-16F7-4668-BE54-9A1E7A4F7556}") = "Gyak-Kiterjeszthetoseg", "Gyak-Kiterjeszthetoseg\Gyak-Kiterjeszthetoseg.csproj", "{63284947-6BFA-4A41-8DEA-B3B984B03448}"
EndProject
Global
	GlobalSection(SolutionConfigurationPlatforms) = preSolution
		Debug|Any CPU = Debug|Any CPU
		Release|Any CPU = Release|Any CPU
	EndGlobalSection
	GlobalSection(ProjectConfigurationPlatforms) = postSolution
		{63284947-6BFA-4A41-8DEA-B3B984B03448}.Debug|Any CPU.ActiveCfg = Debug|Any CPU
		{63284947-6BFA-4A41-8DEA-B3B984B03448}.Debug|Any CPU.Build.0 = Debug|Any CPU
		{63284947-6BFA-4A41-8DEA-B3B984B03448}.Release|Any CPU.ActiveCfg = Release|Any CPU
		{63284947-6BFA-4A41-8DEA-B3B984B03448}.Release|Any CPU.Build.0 = Release|Any CPU
	EndGlobalSection
	GlobalSection(SolutionProperties) = preSolution
		HideSolutionNode = FALSE
	EndGlobalSection
	GlobalSection(ExtensibilityGlobals) = postSolution
		SolutionGuid = {20D680DD-666D-4F73-8EBA-49C35E0FB740}
	EndGlobalSection
EndGlobal
